
Microsoft Visual Studio Solution File, Format Version 12.00
# Visual Studio 14
VisualStudioVersion = 14.0.25420.1
MinimumVisualStudioVersion = 10.0.40219.1
Project("{FAE04EC0-301F-11D3-BF4B-00C04F79EFBC}") = "HRIS.Data", "HRIS.Data\HRIS.Data.csproj", "{F24F7B13-AD50-428F-A0C9-7851FB4B0392}"
EndProject
Project("{FAE04EC0-301F-11D3-BF4B-00C04F79EFBC}") = "Repository", "Repository\Repository.csproj", "{87CB7BE2-7203-421A-A4F4-991343C5CC68}"
EndProject
Project("{FAE04EC0-301F-11D3-BF4B-00C04F79EFBC}") = "Common", "Common\Common.csproj", "{DCD77E63-5F3A-454A-97BD-87519C7E3701}"
EndProject
Project("{FAE04EC0-301F-11D3-BF4B-00C04F79EFBC}") = "HRIS.Model", "HRIS.Model\HRIS.Model.csproj", "{0A976F62-62C0-4C9D-A1E5-5B25254CA4F5}"
EndProject
Project("{2150E333-8FDC-42A3-9474-1A3956D46DE8}") = "Core", "Core", "{CB958042-6005-4321-9DCF-34AF44E42286}"
EndProject
Project("{2150E333-8FDC-42A3-9474-1A3956D46DE8}") = "Web", "Web", "{5AEBF8F5-49D8-4A72-BE70-F91878B44E34}"
EndProject
Project("{2150E333-8FDC-42A3-9474-1A3956D46DE8}") = "Libraries", "Libraries", "{A9207960-E36A-4E83-859D-06536B04E286}"
EndProject
Project("{FAE04EC0-301F-11D3-BF4B-00C04F79EFBC}") = "HRIS.Service", "HRIS.Service\HRIS.Service.csproj", "{70A73976-4B15-4D17-9FB4-6D3340E432F3}"
EndProject
Project("{FAE04EC0-301F-11D3-BF4B-00C04F79EFBC}") = "HRIS.Web", "HRIS.Web\HRIS.Web.csproj", "{886140E4-545A-4C8B-AC97-244435F95008}"
EndProject
Project("{FAE04EC0-301F-11D3-BF4B-00C04F79EFBC}") = "HRIS.Test", "HRIS.Test\HRIS.Test.csproj", "{3E10A478-FF40-4736-9478-60D1A2B5F8C3}"
EndProject
Global
	GlobalSection(SolutionConfigurationPlatforms) = preSolution
		Debug|Any CPU = Debug|Any CPU
		Release|Any CPU = Release|Any CPU
	EndGlobalSection
	GlobalSection(ProjectConfigurationPlatforms) = postSolution
		{F24F7B13-AD50-428F-A0C9-7851FB4B0392}.Debug|Any CPU.ActiveCfg = Debug|Any CPU
		{F24F7B13-AD50-428F-A0C9-7851FB4B0392}.Debug|Any CPU.Build.0 = Debug|Any CPU
		{F24F7B13-AD50-428F-A0C9-7851FB4B0392}.Release|Any CPU.ActiveCfg = Release|Any CPU
		{F24F7B13-AD50-428F-A0C9-7851FB4B0392}.Release|Any CPU.Build.0 = Release|Any CPU
		{87CB7BE2-7203-421A-A4F4-991343C5CC68}.Debug|Any CPU.ActiveCfg = Debug|Any CPU
		{87CB7BE2-7203-421A-A4F4-991343C5CC68}.Debug|Any CPU.Build.0 = Debug|Any CPU
		{87CB7BE2-7203-421A-A4F4-991343C5CC68}.Release|Any CPU.ActiveCfg = Release|Any CPU
		{87CB7BE2-7203-421A-A4F4-991343C5CC68}.Release|Any CPU.Build.0 = Release|Any CPU
		{DCD77E63-5F3A-454A-97BD-87519C7E3701}.Debug|Any CPU.ActiveCfg = Debug|Any CPU
		{DCD77E63-5F3A-454A-97BD-87519C7E3701}.Debug|Any CPU.Build.0 = Debug|Any CPU
		{DCD77E63-5F3A-454A-97BD-87519C7E3701}.Release|Any CPU.ActiveCfg = Release|Any CPU
		{DCD77E63-5F3A-454A-97BD-87519C7E3701}.Release|Any CPU.Build.0 = Release|Any CPU
		{0A976F62-62C0-4C9D-A1E5-5B25254CA4F5}.Debug|Any CPU.ActiveCfg = Debug|Any CPU
		{0A976F62-62C0-4C9D-A1E5-5B25254CA4F5}.Debug|Any CPU.Build.0 = Debug|Any CPU
		{0A976F62-62C0-4C9D-A1E5-5B25254CA4F5}.Release|Any CPU.ActiveCfg = Release|Any CPU
		{0A976F62-62C0-4C9D-A1E5-5B25254CA4F5}.Release|Any CPU.Build.0 = Release|Any CPU
		{70A73976-4B15-4D17-9FB4-6D3340E432F3}.Debug|Any CPU.ActiveCfg = Debug|Any CPU
		{70A73976-4B15-4D17-9FB4-6D3340E432F3}.Debug|Any CPU.Build.0 = Debug|Any CPU
		{70A73976-4B15-4D17-9FB4-6D3340E432F3}.Release|Any CPU.ActiveCfg = Release|Any CPU
		{70A73976-4B15-4D17-9FB4-6D3340E432F3}.Release|Any CPU.Build.0 = Release|Any CPU
		{886140E4-545A-4C8B-AC97-244435F95008}.Debug|Any CPU.ActiveCfg = Debug|Any CPU
		{886140E4-545A-4C8B-AC97-244435F95008}.Debug|Any CPU.Build.0 = Debug|Any CPU
		{886140E4-545A-4C8B-AC97-244435F95008}.Release|Any CPU.ActiveCfg = Release|Any CPU
		{886140E4-545A-4C8B-AC97-244435F95008}.Release|Any CPU.Build.0 = Release|Any CPU
		{3E10A478-FF40-4736-9478-60D1A2B5F8C3}.Debug|Any CPU.ActiveCfg = Debug|Any CPU
		{3E10A478-FF40-4736-9478-60D1A2B5F8C3}.Debug|Any CPU.Build.0 = Debug|Any CPU
		{3E10A478-FF40-4736-9478-60D1A2B5F8C3}.Release|Any CPU.ActiveCfg = Release|Any CPU
		{3E10A478-FF40-4736-9478-60D1A2B5F8C3}.Release|Any CPU.Build.0 = Release|Any CPU
	EndGlobalSection
	GlobalSection(SolutionProperties) = preSolution
		HideSolutionNode = FALSE
	EndGlobalSection
	GlobalSection(NestedProjects) = preSolution
		{F24F7B13-AD50-428F-A0C9-7851FB4B0392} = {CB958042-6005-4321-9DCF-34AF44E42286}
		{87CB7BE2-7203-421A-A4F4-991343C5CC68} = {A9207960-E36A-4E83-859D-06536B04E286}
		{DCD77E63-5F3A-454A-97BD-87519C7E3701} = {A9207960-E36A-4E83-859D-06536B04E286}
		{0A976F62-62C0-4C9D-A1E5-5B25254CA4F5} = {CB958042-6005-4321-9DCF-34AF44E42286}
		{70A73976-4B15-4D17-9FB4-6D3340E432F3} = {CB958042-6005-4321-9DCF-34AF44E42286}
		{886140E4-545A-4C8B-AC97-244435F95008} = {5AEBF8F5-49D8-4A72-BE70-F91878B44E34}
	EndGlobalSection
EndGlobal
